
Microsoft Visual Studio Solution File, Format Version 12.00
# Visual Studio Version 16
VisualStudioVersion = 16.0.29519.87
MinimumVisualStudioVersion = 10.0.40219.1
Project("{9A19103F-16F7-4668-BE54-9A1E7A4F7556}") = "Day01", "Day01\Day01.csproj", "{6229F2B2-DE3C-4B4B-B0F9-ED9FCC1DC5EF}"
EndProject
Project("{FAE04EC0-301F-11D3-BF4B-00C04F79EFBC}") = "Day01.Tests", "Day01.Tests\Day01.Tests.csproj", "{AE236A87-4759-4E87-B57C-309C6D2798F5}"
EndProject
Global
	GlobalSection(SolutionConfigurationPlatforms) = preSolution
		Debug|Any CPU = Debug|Any CPU
		Release|Any CPU = Release|Any CPU
	EndGlobalSection
	GlobalSection(ProjectConfigurationPlatforms) = postSolution
		{6229F2B2-DE3C-4B4B-B0F9-ED9FCC1DC5EF}.Debug|Any CPU.ActiveCfg = Debug|Any CPU
		{6229F2B2-DE3C-4B4B-B0F9-ED9FCC1DC5EF}.Debug|Any CPU.Build.0 = Debug|Any CPU
		{6229F2B2-DE3C-4B4B-B0F9-ED9FCC1DC5EF}.Release|Any CPU.ActiveCfg = Release|Any CPU
		{6229F2B2-DE3C-4B4B-B0F9-ED9FCC1DC5EF}.Release|Any CPU.Build.0 = Release|Any CPU
		{AE236A87-4759-4E87-B57C-309C6D2798F5}.Debug|Any CPU.ActiveCfg = Debug|Any CPU
		{AE236A87-4759-4E87-B57C-309C6D2798F5}.Debug|Any CPU.Build.0 = Debug|Any CPU
		{AE236A87-4759-4E87-B57C-309C6D2798F5}.Release|Any CPU.ActiveCfg = Release|Any CPU
		{AE236A87-4759-4E87-B57C-309C6D2798F5}.Release|Any CPU.Build.0 = Release|Any CPU
	EndGlobalSection
	GlobalSection(SolutionProperties) = preSolution
		HideSolutionNode = FALSE
	EndGlobalSection
	GlobalSection(ExtensibilityGlobals) = postSolution
		SolutionGuid = {4AF89B84-361D-4F83-9FAD-DB0AB6AB0D3C}
	EndGlobalSection
EndGlobal
