
Microsoft Visual Studio Solution File, Format Version 12.00
# Visual Studio Version 16
VisualStudioVersion = 16.0.29519.87
MinimumVisualStudioVersion = 10.0.40219.1
Project("{FAE04EC0-301F-11D3-BF4B-00C04F79EFBC}") = "Day09", "Day09\Day09.csproj", "{CDD6812B-E6EB-4B29-81A3-3E70DCDA5866}"
EndProject
Project("{FAE04EC0-301F-11D3-BF4B-00C04F79EFBC}") = "Day09.Tests", "Day09.Tests\Day09.Tests.csproj", "{F4D1241D-1EDB-4090-A181-80A9D9F39715}"
EndProject
Global
	GlobalSection(SolutionConfigurationPlatforms) = preSolution
		Debug|Any CPU = Debug|Any CPU
		Release|Any CPU = Release|Any CPU
	EndGlobalSection
	GlobalSection(ProjectConfigurationPlatforms) = postSolution
		{CDD6812B-E6EB-4B29-81A3-3E70DCDA5866}.Debug|Any CPU.ActiveCfg = Debug|Any CPU
		{CDD6812B-E6EB-4B29-81A3-3E70DCDA5866}.Debug|Any CPU.Build.0 = Debug|Any CPU
		{CDD6812B-E6EB-4B29-81A3-3E70DCDA5866}.Release|Any CPU.ActiveCfg = Release|Any CPU
		{CDD6812B-E6EB-4B29-81A3-3E70DCDA5866}.Release|Any CPU.Build.0 = Release|Any CPU
		{F4D1241D-1EDB-4090-A181-80A9D9F39715}.Debug|Any CPU.ActiveCfg = Debug|Any CPU
		{F4D1241D-1EDB-4090-A181-80A9D9F39715}.Debug|Any CPU.Build.0 = Debug|Any CPU
		{F4D1241D-1EDB-4090-A181-80A9D9F39715}.Release|Any CPU.ActiveCfg = Release|Any CPU
		{F4D1241D-1EDB-4090-A181-80A9D9F39715}.Release|Any CPU.Build.0 = Release|Any CPU
	EndGlobalSection
	GlobalSection(SolutionProperties) = preSolution
		HideSolutionNode = FALSE
	EndGlobalSection
	GlobalSection(ExtensibilityGlobals) = postSolution
		SolutionGuid = {FD22E2C4-A344-478D-99E0-810046E2416E}
	EndGlobalSection
EndGlobal
